{
  "version": 4,
  "terraform_version": "1.5.1",
  "serial": 35,
  "lineage": "047257a8-6ffb-e847-17d4-6a67c9b8870b",
  "outputs": {},
  "resources": [
    {
      "mode": "managed",
      "type": "aws_ecr_repository",
      "name": "api_repository",
      "provider": "provider[\"registry.terraform.io/hashicorp/aws\"]",
      "instances": [
        {
          "schema_version": 0,
          "attributes": {
            "arn": "arn:aws:ecr:eu-west-3:335782395787:repository/api-repository",
            "encryption_configuration": [
              {
                "encryption_type": "AES256",
                "kms_key": ""
              }
            ],
            "force_delete": null,
            "id": "api-repository",
            "image_scanning_configuration": [
              {
                "scan_on_push": false
              }
            ],
            "image_tag_mutability": "MUTABLE",
            "name": "api-repository",
            "registry_id": "335782395787",
            "repository_url": "335782395787.dkr.ecr.eu-west-3.amazonaws.com/api-repository",
            "tags": {},
            "tags_all": {},
            "timeouts": null
          },
          "sensitive_attributes": [],
          "private": "eyJlMmJmYjczMC1lY2FhLTExZTYtOGY4OC0zNDM2M2JjN2M0YzAiOnsiZGVsZXRlIjoxMjAwMDAwMDAwMDAwfX0="
        }
      ]
    }
  ],
  "check_results": null
}
